{
  "originHash" : "ec6b3f09ed589b213dd538c2b91138cf5edebac58e273c83107b4ec40dc72187",
  "pins" : [
    {
      "identity" : "helpers",
      "kind" : "remoteSourceControl",
      "location" : "https://github.com/toastersocks/Helpers.git",
      "state" : {
        "revision" : "ae8fe3d43f72082cd4a67a0e9791fa982aa90d54",
        "version" : "0.6.0"
      }
    },
    {
      "identity" : "multipicker",
      "kind" : "remoteSourceControl",
      "location" : "https://github.com/toastersocks/MultiPicker",
      "state" : {
        "revision" : "ee974d666b6945916c201ea0443725652ded9704",
        "version" : "1.0.0"
      }
    },
    {
      "identity" : "toast-swift",
      "kind" : "remoteSourceControl",
      "location" : "https://github.com/BastiaanJansen/toast-swift",
      "state" : {
        "revision" : "9a40b722b6eeb9683d47e3584501e81525741291",
        "version" : "2.1.2"
      }
    }
  ],
  "version" : 3
}
